
Microsoft Visual Studio Solution File, Format Version 12.00
# Visual Studio 15
VisualStudioVersion = 15.0.28307.329
MinimumVisualStudioVersion = 10.0.40219.1
Project("{E24C65DC-7377-472B-9ABA-BC803B73C61A}") = "WebSite1(1)", "WebSite1\", "{47B29631-7133-46A2-B2C9-89AD18638FDC}"
	ProjectSection(WebsiteProperties) = preProject
		TargetFrameworkMoniker = ".NETFramework,Version%3Dv4.6.1"
		Debug.AspNetCompiler.VirtualPath = "/localhost_50106"
		Debug.AspNetCompiler.PhysicalPath = "WebSite1\"
		Debug.AspNetCompiler.TargetPath = "PrecompiledWeb\localhost_50106\"
		Debug.AspNetCompiler.Updateable = "true"
		Debug.AspNetCompiler.ForceOverwrite = "true"
		Debug.AspNetCompiler.FixedNames = "false"
		Debug.AspNetCompiler.Debug = "True"
		Release.AspNetCompiler.VirtualPath = "/localhost_50106"
		Release.AspNetCompiler.PhysicalPath = "WebSite1\"
		Release.AspNetCompiler.TargetPath = "PrecompiledWeb\localhost_50106\"
		Release.AspNetCompiler.Updateable = "true"
		Release.AspNetCompiler.ForceOverwrite = "true"
		Release.AspNetCompiler.FixedNames = "false"
		Release.AspNetCompiler.Debug = "False"
		VWDPort = "50106"
		SlnRelativePath = "WebSite1\"
		DefaultWebSiteLanguage = "Visual C#"
	EndProjectSection
EndProject
Project("{FAE04EC0-301F-11D3-BF4B-00C04F79EFBC}") = "Entidades", "Entidades\Entidades.csproj", "{BACE57C3-1897-4CC9-B82C-ABDC0269EF6D}"
EndProject
Global
	GlobalSection(SolutionConfigurationPlatforms) = preSolution
		Debug|Any CPU = Debug|Any CPU
		Release|Any CPU = Release|Any CPU
	EndGlobalSection
	GlobalSection(ProjectConfigurationPlatforms) = postSolution
		{47B29631-7133-46A2-B2C9-89AD18638FDC}.Debug|Any CPU.ActiveCfg = Debug|Any CPU
		{47B29631-7133-46A2-B2C9-89AD18638FDC}.Debug|Any CPU.Build.0 = Debug|Any CPU
		{47B29631-7133-46A2-B2C9-89AD18638FDC}.Release|Any CPU.ActiveCfg = Debug|Any CPU
		{47B29631-7133-46A2-B2C9-89AD18638FDC}.Release|Any CPU.Build.0 = Debug|Any CPU
		{BACE57C3-1897-4CC9-B82C-ABDC0269EF6D}.Debug|Any CPU.ActiveCfg = Debug|Any CPU
		{BACE57C3-1897-4CC9-B82C-ABDC0269EF6D}.Debug|Any CPU.Build.0 = Debug|Any CPU
		{BACE57C3-1897-4CC9-B82C-ABDC0269EF6D}.Release|Any CPU.ActiveCfg = Release|Any CPU
		{BACE57C3-1897-4CC9-B82C-ABDC0269EF6D}.Release|Any CPU.Build.0 = Release|Any CPU
	EndGlobalSection
	GlobalSection(SolutionProperties) = preSolution
		HideSolutionNode = FALSE
	EndGlobalSection
	GlobalSection(ExtensibilityGlobals) = postSolution
		SolutionGuid = {89880483-2121-4EF0-B6EB-D7CF97326612}
	EndGlobalSection
EndGlobal
